// !$*UTF8*$!
{
	archiveVersion = 1;
	classes = {
	};
	objectVersion = 46;
	objects = {

/* Begin PBXBuildFile section */
		0E3A56B3196B2AEC17EF1F9E /* Pods_TeethReminderTests.framework in Frameworks */ = {isa = PBXBuildFile; fileRef = 6E8BB735DE34CF4FBED3711F /* Pods_TeethReminderTests.framework */; };
		6507A11D1C15906E00E6228F /* AppDelegate.swift in Sources */ = {isa = PBXBuildFile; fileRef = 6507A11C1C15906E00E6228F /* AppDelegate.swift */; };
		6507A1221C15906E00E6228F /* Main.storyboard in Resources */ = {isa = PBXBuildFile; fileRef = 6507A1201C15906E00E6228F /* Main.storyboard */; };
		6507A1241C15906E00E6228F /* Assets.xcassets in Resources */ = {isa = PBXBuildFile; fileRef = 6507A1231C15906E00E6228F /* Assets.xcassets */; };
		6507A1271C15906E00E6228F /* LaunchScreen.storyboard in Resources */ = {isa = PBXBuildFile; fileRef = 6507A1251C15906E00E6228F /* LaunchScreen.storyboard */; };
		6507A1321C15906F00E6228F /* TeethReminderTests.swift in Sources */ = {isa = PBXBuildFile; fileRef = 6507A1311C15906F00E6228F /* TeethReminderTests.swift */; };
		6507A13D1C15906F00E6228F /* TeethReminderUITests.swift in Sources */ = {isa = PBXBuildFile; fileRef = 6507A13C1C15906F00E6228F /* TeethReminderUITests.swift */; };
		6509E7991D48BC3400CD9459 /* VideoViewController.swift in Sources */ = {isa = PBXBuildFile; fileRef = 6509E7981D48BC3400CD9459 /* VideoViewController.swift */; };
		6509E79B1D48BDE000CD9459 /* AVKit.framework in Frameworks */ = {isa = PBXBuildFile; fileRef = 6509E79A1D48BDE000CD9459 /* AVKit.framework */; };
		6509E79F1D48D65600CD9459 /* teeth.mp4 in Resources */ = {isa = PBXBuildFile; fileRef = 6509E79C1D48D4EB00CD9459 /* teeth.mp4 */; settings = {ASSET_TAGS = (teethvideo, ); }; };
		651272C51DC39D4400A598A3 /* Constants.swift in Sources */ = {isa = PBXBuildFile; fileRef = 651272C41DC39D4300A598A3 /* Constants.swift */; };
		651272C61DC3A59C00A598A3 /* Constants.swift in Sources */ = {isa = PBXBuildFile; fileRef = 651272C41DC39D4300A598A3 /* Constants.swift */; };
		651272C71DC3A5A400A598A3 /* Constants.swift in Sources */ = {isa = PBXBuildFile; fileRef = 651272C41DC39D4300A598A3 /* Constants.swift */; };
		651283221D48B852007240EA /* AVFoundation.framework in Frameworks */ = {isa = PBXBuildFile; fileRef = 651283211D48B852007240EA /* AVFoundation.framework */; };
		651DC7781C2764AC0022B9AB /* Travel-Warning-min.png in Resources */ = {isa = PBXBuildFile; fileRef = 651DC7771C2764AC0022B9AB /* Travel-Warning-min.png */; };
		652824BA1C1631D50017A7FF /* RemindersTableViewController.swift in Sources */ = {isa = PBXBuildFile; fileRef = 652824B91C1631D50017A7FF /* RemindersTableViewController.swift */; };
		652824BB1C1631D50017A7FF /* RemindersTableViewController.swift in Sources */ = {isa = PBXBuildFile; fileRef = 652824B91C1631D50017A7FF /* RemindersTableViewController.swift */; };
		652824BC1C1631D50017A7FF /* RemindersTableViewController.swift in Sources */ = {isa = PBXBuildFile; fileRef = 652824B91C1631D50017A7FF /* RemindersTableViewController.swift */; };
		652824BE1C1636D20017A7FF /* Reminder.swift in Sources */ = {isa = PBXBuildFile; fileRef = 652824BD1C1636D20017A7FF /* Reminder.swift */; };
		652824BF1C1636D20017A7FF /* Reminder.swift in Sources */ = {isa = PBXBuildFile; fileRef = 652824BD1C1636D20017A7FF /* Reminder.swift */; };
		652824C01C1636D20017A7FF /* Reminder.swift in Sources */ = {isa = PBXBuildFile; fileRef = 652824BD1C1636D20017A7FF /* Reminder.swift */; };
		652824C21C163D100017A7FF /* ReminderViewCell.swift in Sources */ = {isa = PBXBuildFile; fileRef = 652824C11C163D100017A7FF /* ReminderViewCell.swift */; };
		652824C31C163D100017A7FF /* ReminderViewCell.swift in Sources */ = {isa = PBXBuildFile; fileRef = 652824C11C163D100017A7FF /* ReminderViewCell.swift */; };
		652824C41C163D100017A7FF /* ReminderViewCell.swift in Sources */ = {isa = PBXBuildFile; fileRef = 652824C11C163D100017A7FF /* ReminderViewCell.swift */; };
		652824C61C1881270017A7FF /* SetTimeViewController.swift in Sources */ = {isa = PBXBuildFile; fileRef = 652824C51C1881270017A7FF /* SetTimeViewController.swift */; };
		652824C71C1881270017A7FF /* SetTimeViewController.swift in Sources */ = {isa = PBXBuildFile; fileRef = 652824C51C1881270017A7FF /* SetTimeViewController.swift */; };
		652824C81C1881270017A7FF /* SetTimeViewController.swift in Sources */ = {isa = PBXBuildFile; fileRef = 652824C51C1881270017A7FF /* SetTimeViewController.swift */; };
		6535079E1CE32C9700FD6EBF /* TimerView.swift in Sources */ = {isa = PBXBuildFile; fileRef = 6535079D1CE32C9700FD6EBF /* TimerView.swift */; };
		653507A01CE3323900FD6EBF /* TimerViewController.swift in Sources */ = {isa = PBXBuildFile; fileRef = 6535079F1CE3323900FD6EBF /* TimerViewController.swift */; };
		653507A11CE3323A00FD6EBF /* TimerViewController.swift in Sources */ = {isa = PBXBuildFile; fileRef = 6535079F1CE3323900FD6EBF /* TimerViewController.swift */; };
		653507A21CE3323A00FD6EBF /* TimerViewController.swift in Sources */ = {isa = PBXBuildFile; fileRef = 6535079F1CE3323900FD6EBF /* TimerViewController.swift */; };
		653507E91CE6096500FD6EBF /* TimerView.swift in Sources */ = {isa = PBXBuildFile; fileRef = 6535079D1CE32C9700FD6EBF /* TimerView.swift */; };
		653507EA1CE6096500FD6EBF /* TimerView.swift in Sources */ = {isa = PBXBuildFile; fileRef = 6535079D1CE32C9700FD6EBF /* TimerView.swift */; };
		653A2DFA1C8F240300D5DB45 /* HelpViewController.swift in Sources */ = {isa = PBXBuildFile; fileRef = 653A2DF91C8F240300D5DB45 /* HelpViewController.swift */; };
		653A2DFB1C8F240300D5DB45 /* HelpViewController.swift in Sources */ = {isa = PBXBuildFile; fileRef = 653A2DF91C8F240300D5DB45 /* HelpViewController.swift */; };
		653A2DFC1C8F240300D5DB45 /* HelpViewController.swift in Sources */ = {isa = PBXBuildFile; fileRef = 653A2DF91C8F240300D5DB45 /* HelpViewController.swift */; };
		653A2DFE1C8F48D700D5DB45 /* UIDevice.swift in Sources */ = {isa = PBXBuildFile; fileRef = 653A2DFD1C8F48D700D5DB45 /* UIDevice.swift */; };
		653A2DFF1C8F48D700D5DB45 /* UIDevice.swift in Sources */ = {isa = PBXBuildFile; fileRef = 653A2DFD1C8F48D700D5DB45 /* UIDevice.swift */; };
		653A2E001C8F48D700D5DB45 /* UIDevice.swift in Sources */ = {isa = PBXBuildFile; fileRef = 653A2DFD1C8F48D700D5DB45 /* UIDevice.swift */; };
		653FC9D61CDC074900446397 /* OkButtonView.swift in Sources */ = {isa = PBXBuildFile; fileRef = 653FC9D51CDC074900446397 /* OkButtonView.swift */; };
		653FC9D71CDC11B500446397 /* OkButtonView.swift in Sources */ = {isa = PBXBuildFile; fileRef = 653FC9D51CDC074900446397 /* OkButtonView.swift */; };
		653FC9D81CDC11B600446397 /* OkButtonView.swift in Sources */ = {isa = PBXBuildFile; fileRef = 653FC9D51CDC074900446397 /* OkButtonView.swift */; };
		655BCA1F1D49438F00FB657A /* OndemandResources.swift in Sources */ = {isa = PBXBuildFile; fileRef = 655BCA1E1D49438F00FB657A /* OndemandResources.swift */; };
		6571E6341E58A5B100388298 /* GoogleService-Info.plist in Resources */ = {isa = PBXBuildFile; fileRef = 6571E6331E58A5B100388298 /* GoogleService-Info.plist */; };
		6571E6351E58A5B100388298 /* GoogleService-Info.plist in Resources */ = {isa = PBXBuildFile; fileRef = 6571E6331E58A5B100388298 /* GoogleService-Info.plist */; };
		6571E6361E58A5B100388298 /* GoogleService-Info.plist in Resources */ = {isa = PBXBuildFile; fileRef = 6571E6331E58A5B100388298 /* GoogleService-Info.plist */; };
		658665731CD386A600172395 /* WarningViewCell.swift in Sources */ = {isa = PBXBuildFile; fileRef = 658665721CD386A600172395 /* WarningViewCell.swift */; };
		658665761CD386F500172395 /* Styles.swift in Sources */ = {isa = PBXBuildFile; fileRef = 658665751CD386F500172395 /* Styles.swift */; };
		659B9FF51CD38F1500E482C1 /* Styles.swift in Sources */ = {isa = PBXBuildFile; fileRef = 658665751CD386F500172395 /* Styles.swift */; };
		659B9FF61CD38F1500E482C1 /* Styles.swift in Sources */ = {isa = PBXBuildFile; fileRef = 658665751CD386F500172395 /* Styles.swift */; };
		659B9FF71CD38F1B00E482C1 /* WarningViewCell.swift in Sources */ = {isa = PBXBuildFile; fileRef = 658665721CD386A600172395 /* WarningViewCell.swift */; };
		659B9FF81CD38F1B00E482C1 /* WarningViewCell.swift in Sources */ = {isa = PBXBuildFile; fileRef = 658665721CD386A600172395 /* WarningViewCell.swift */; };
		A120F1B35FBA9C15F4C69DE7 /* Pods_TeethReminder.framework in Frameworks */ = {isa = PBXBuildFile; fileRef = F1A2DAA67AD53A5425C715B6 /* Pods_TeethReminder.framework */; };
		B2B9AD606005274E0F3DF990 /* Pods_TeethReminderUITests.framework in Frameworks */ = {isa = PBXBuildFile; fileRef = 1B8914F23C5C5BA2DABCE2EE /* Pods_TeethReminderUITests.framework */; };
/* End PBXBuildFile section */

/* Begin PBXContainerItemProxy section */
		6507A12E1C15906F00E6228F /* PBXContainerItemProxy */ = {
			isa = PBXContainerItemProxy;
			containerPortal = 6507A1111C15906E00E6228F /* Project object */;
			proxyType = 1;
			remoteGlobalIDString = 6507A1181C15906E00E6228F;
			remoteInfo = TeethReminder;
		};
		6507A1391C15906F00E6228F /* PBXContainerItemProxy */ = {
			isa = PBXContainerItemProxy;
			containerPortal = 6507A1111C15906E00E6228F /* Project object */;
			proxyType = 1;
			remoteGlobalIDString = 6507A1181C15906E00E6228F;
			remoteInfo = TeethReminder;
		};
/* End PBXContainerItemProxy section */

/* Begin PBXFileReference section */
		11D9217F7B15D020D5191E37 /* Pods-TeethReminder.release.xcconfig */ = {isa = PBXFileReference; includeInIndex = 1; lastKnownFileType = text.xcconfig; name = "Pods-TeethReminder.release.xcconfig"; path = "Pods/Target Support Files/Pods-TeethReminder/Pods-TeethReminder.release.xcconfig"; sourceTree = "<group>"; };
		1B8914F23C5C5BA2DABCE2EE /* Pods_TeethReminderUITests.framework */ = {isa = PBXFileReference; explicitFileType = wrapper.framework; includeInIndex = 0; path = Pods_TeethReminderUITests.framework; sourceTree = BUILT_PRODUCTS_DIR; };
		1CC1475A307A97CFFF2CC8CE /* Pods-TeethReminder.debug.xcconfig */ = {isa = PBXFileReference; includeInIndex = 1; lastKnownFileType = text.xcconfig; name = "Pods-TeethReminder.debug.xcconfig"; path = "Pods/Target Support Files/Pods-TeethReminder/Pods-TeethReminder.debug.xcconfig"; sourceTree = "<group>"; };
		6507A1191C15906E00E6228F /* TeethReminder.app */ = {isa = PBXFileReference; explicitFileType = wrapper.application; includeInIndex = 0; path = TeethReminder.app; sourceTree = BUILT_PRODUCTS_DIR; };
		6507A11C1C15906E00E6228F /* AppDelegate.swift */ = {isa = PBXFileReference; lastKnownFileType = sourcecode.swift; path = AppDelegate.swift; sourceTree = "<group>"; };
		6507A1211C15906E00E6228F /* Base */ = {isa = PBXFileReference; lastKnownFileType = file.storyboard; name = Base; path = Base.lproj/Main.storyboard; sourceTree = "<group>"; };
		6507A1231C15906E00E6228F /* Assets.xcassets */ = {isa = PBXFileReference; lastKnownFileType = folder.assetcatalog; path = Assets.xcassets; sourceTree = "<group>"; };
		6507A1261C15906E00E6228F /* Base */ = {isa = PBXFileReference; lastKnownFileType = file.storyboard; name = Base; path = Base.lproj/LaunchScreen.storyboard; sourceTree = "<group>"; };
		6507A1281C15906E00E6228F /* Info.plist */ = {isa = PBXFileReference; lastKnownFileType = text.plist.xml; path = Info.plist; sourceTree = "<group>"; };
		6507A12D1C15906F00E6228F /* TeethReminderTests.xctest */ = {isa = PBXFileReference; explicitFileType = wrapper.cfbundle; includeInIndex = 0; path = TeethReminderTests.xctest; sourceTree = BUILT_PRODUCTS_DIR; };
		6507A1311C15906F00E6228F /* TeethReminderTests.swift */ = {isa = PBXFileReference; lastKnownFileType = sourcecode.swift; path = TeethReminderTests.swift; sourceTree = "<group>"; };
		6507A1331C15906F00E6228F /* Info.plist */ = {isa = PBXFileReference; lastKnownFileType = text.plist.xml; path = Info.plist; sourceTree = "<group>"; };
		6507A1381C15906F00E6228F /* TeethReminderUITests.xctest */ = {isa = PBXFileReference; explicitFileType = wrapper.cfbundle; includeInIndex = 0; path = TeethReminderUITests.xctest; sourceTree = BUILT_PRODUCTS_DIR; };
		6507A13C1C15906F00E6228F /* TeethReminderUITests.swift */ = {isa = PBXFileReference; lastKnownFileType = sourcecode.swift; path = TeethReminderUITests.swift; sourceTree = "<group>"; };
		6507A13E1C15906F00E6228F /* Info.plist */ = {isa = PBXFileReference; lastKnownFileType = text.plist.xml; path = Info.plist; sourceTree = "<group>"; };
		6509E7981D48BC3400CD9459 /* VideoViewController.swift */ = {isa = PBXFileReference; fileEncoding = 4; lastKnownFileType = sourcecode.swift; path = VideoViewController.swift; sourceTree = "<group>"; };
		6509E79A1D48BDE000CD9459 /* AVKit.framework */ = {isa = PBXFileReference; lastKnownFileType = wrapper.framework; name = AVKit.framework; path = System/Library/Frameworks/AVKit.framework; sourceTree = SDKROOT; };
		6509E79C1D48D4EB00CD9459 /* teeth.mp4 */ = {isa = PBXFileReference; lastKnownFileType = file; path = teeth.mp4; sourceTree = "<group>"; };
		651272C41DC39D4300A598A3 /* Constants.swift */ = {isa = PBXFileReference; fileEncoding = 4; lastKnownFileType = sourcecode.swift; path = Constants.swift; sourceTree = "<group>"; };
		651283211D48B852007240EA /* AVFoundation.framework */ = {isa = PBXFileReference; lastKnownFileType = wrapper.framework; name = AVFoundation.framework; path = System/Library/Frameworks/AVFoundation.framework; sourceTree = SDKROOT; };
		651DC7771C2764AC0022B9AB /* Travel-Warning-min.png */ = {isa = PBXFileReference; lastKnownFileType = image.png; path = "Travel-Warning-min.png"; sourceTree = "<group>"; };
		652824B91C1631D50017A7FF /* RemindersTableViewController.swift */ = {isa = PBXFileReference; fileEncoding = 4; lastKnownFileType = sourcecode.swift; path = RemindersTableViewController.swift; sourceTree = "<group>"; };
		652824BD1C1636D20017A7FF /* Reminder.swift */ = {isa = PBXFileReference; fileEncoding = 4; lastKnownFileType = sourcecode.swift; name = Reminder.swift; path = ../Reminder.swift; sourceTree = "<group>"; };
		652824C11C163D100017A7FF /* ReminderViewCell.swift */ = {isa = PBXFileReference; fileEncoding = 4; lastKnownFileType = sourcecode.swift; path = ReminderViewCell.swift; sourceTree = "<group>"; };
		652824C51C1881270017A7FF /* SetTimeViewController.swift */ = {isa = PBXFileReference; fileEncoding = 4; lastKnownFileType = sourcecode.swift; path = SetTimeViewController.swift; sourceTree = "<group>"; };
		6535079D1CE32C9700FD6EBF /* TimerView.swift */ = {isa = PBXFileReference; fileEncoding = 4; lastKnownFileType = sourcecode.swift; path = TimerView.swift; sourceTree = "<group>"; };
		6535079F1CE3323900FD6EBF /* TimerViewController.swift */ = {isa = PBXFileReference; fileEncoding = 4; lastKnownFileType = sourcecode.swift; path = TimerViewController.swift; sourceTree = "<group>"; };
		653A2DF91C8F240300D5DB45 /* HelpViewController.swift */ = {isa = PBXFileReference; fileEncoding = 4; lastKnownFileType = sourcecode.swift; name = HelpViewController.swift; path = ../HelpViewController.swift; sourceTree = "<group>"; };
		653A2DFD1C8F48D700D5DB45 /* UIDevice.swift */ = {isa = PBXFileReference; fileEncoding = 4; lastKnownFileType = sourcecode.swift; name = UIDevice.swift; path = ../UIDevice.swift; sourceTree = "<group>"; };
		653FC9D51CDC074900446397 /* OkButtonView.swift */ = {isa = PBXFileReference; fileEncoding = 4; lastKnownFileType = sourcecode.swift; path = OkButtonView.swift; sourceTree = "<group>"; };
		655BCA1E1D49438F00FB657A /* OndemandResources.swift */ = {isa = PBXFileReference; fileEncoding = 4; lastKnownFileType = sourcecode.swift; path = OndemandResources.swift; sourceTree = "<group>"; };
		6571E6331E58A5B100388298 /* GoogleService-Info.plist */ = {isa = PBXFileReference; fileEncoding = 4; lastKnownFileType = text.plist.xml; path = "GoogleService-Info.plist"; sourceTree = "<group>"; };
		658665721CD386A600172395 /* WarningViewCell.swift */ = {isa = PBXFileReference; fileEncoding = 4; lastKnownFileType = sourcecode.swift; path = WarningViewCell.swift; sourceTree = "<group>"; };
		658665751CD386F500172395 /* Styles.swift */ = {isa = PBXFileReference; fileEncoding = 4; lastKnownFileType = sourcecode.swift; path = Styles.swift; sourceTree = "<group>"; };
		67B1F0724135CC95D3AAF214 /* Pods-TeethReminderTests.release.xcconfig */ = {isa = PBXFileReference; includeInIndex = 1; lastKnownFileType = text.xcconfig; name = "Pods-TeethReminderTests.release.xcconfig"; path = "Pods/Target Support Files/Pods-TeethReminderTests/Pods-TeethReminderTests.release.xcconfig"; sourceTree = "<group>"; };
		6E8BB735DE34CF4FBED3711F /* Pods_TeethReminderTests.framework */ = {isa = PBXFileReference; explicitFileType = wrapper.framework; includeInIndex = 0; path = Pods_TeethReminderTests.framework; sourceTree = BUILT_PRODUCTS_DIR; };
		7B9906EC643E08CED3C7BBBC /* Pods-TeethReminderUITests.release.xcconfig */ = {isa = PBXFileReference; includeInIndex = 1; lastKnownFileType = text.xcconfig; name = "Pods-TeethReminderUITests.release.xcconfig"; path = "Pods/Target Support Files/Pods-TeethReminderUITests/Pods-TeethReminderUITests.release.xcconfig"; sourceTree = "<group>"; };
		83485D4F3905A112ED0D0833 /* Pods-TeethReminderTests.debug.xcconfig */ = {isa = PBXFileReference; includeInIndex = 1; lastKnownFileType = text.xcconfig; name = "Pods-TeethReminderTests.debug.xcconfig"; path = "Pods/Target Support Files/Pods-TeethReminderTests/Pods-TeethReminderTests.debug.xcconfig"; sourceTree = "<group>"; };
		DB880FF3FF596D09B08A5CB4 /* Pods-TeethReminderUITests.debug.xcconfig */ = {isa = PBXFileReference; includeInIndex = 1; lastKnownFileType = text.xcconfig; name = "Pods-TeethReminderUITests.debug.xcconfig"; path = "Pods/Target Support Files/Pods-TeethReminderUITests/Pods-TeethReminderUITests.debug.xcconfig"; sourceTree = "<group>"; };
		F1A2DAA67AD53A5425C715B6 /* Pods_TeethReminder.framework */ = {isa = PBXFileReference; explicitFileType = wrapper.framework; includeInIndex = 0; path = Pods_TeethReminder.framework; sourceTree = BUILT_PRODUCTS_DIR; };
/* End PBXFileReference section */

/* Begin PBXFrameworksBuildPhase section */
		6507A1161C15906E00E6228F /* Frameworks */ = {
			isa = PBXFrameworksBuildPhase;
			buildActionMask = 2147483647;
			files = (
				6509E79B1D48BDE000CD9459 /* AVKit.framework in Frameworks */,
				651283221D48B852007240EA /* AVFoundation.framework in Frameworks */,
				A120F1B35FBA9C15F4C69DE7 /* Pods_TeethReminder.framework in Frameworks */,
			);
			runOnlyForDeploymentPostprocessing = 0;
		};
		6507A12A1C15906F00E6228F /* Frameworks */ = {
			isa = PBXFrameworksBuildPhase;
			buildActionMask = 2147483647;
			files = (
				0E3A56B3196B2AEC17EF1F9E /* Pods_TeethReminderTests.framework in Frameworks */,
			);
			runOnlyForDeploymentPostprocessing = 0;
		};
		6507A1351C15906F00E6228F /* Frameworks */ = {
			isa = PBXFrameworksBuildPhase;
			buildActionMask = 2147483647;
			files = (
				B2B9AD606005274E0F3DF990 /* Pods_TeethReminderUITests.framework in Frameworks */,
			);
			runOnlyForDeploymentPostprocessing = 0;
		};
/* End PBXFrameworksBuildPhase section */

/* Begin PBXGroup section */
		6507A1101C15906E00E6228F = {
			isa = PBXGroup;
			children = (
				6509E79E1D48D50C00CD9459 /* Ondemand */,
				6509E79D1D48D4FE00CD9459 /* Frameworks */,
				6507A11B1C15906E00E6228F /* TeethReminder */,
				6507A1301C15906F00E6228F /* TeethReminderTests */,
				6507A13B1C15906F00E6228F /* TeethReminderUITests */,
				6507A11A1C15906E00E6228F /* Products */,
				F91A7755EC360D27F3A4F96B /* Pods */,
			);
			sourceTree = "<group>";
		};
		6507A11A1C15906E00E6228F /* Products */ = {
			isa = PBXGroup;
			children = (
				6507A1191C15906E00E6228F /* TeethReminder.app */,
				6507A12D1C15906F00E6228F /* TeethReminderTests.xctest */,
				6507A1381C15906F00E6228F /* TeethReminderUITests.xctest */,
			);
			name = Products;
			sourceTree = "<group>";
		};
		6507A11B1C15906E00E6228F /* TeethReminder */ = {
			isa = PBXGroup;
			children = (
				6535079C1CE32C7300FD6EBF /* Util */,
				6535079B1CE32C6000FD6EBF /* Services */,
				6535079A1CE32C1C00FD6EBF /* ViewCells */,
				653507991CE32C0000FD6EBF /* ViewControllers */,
				653FC9D41CDC073500446397 /* Views */,
				658665741CD386C300172395 /* Styles */,
				6507A11C1C15906E00E6228F /* AppDelegate.swift */,
				6571E6331E58A5B100388298 /* GoogleService-Info.plist */,
				6507A1201C15906E00E6228F /* Main.storyboard */,
				6507A1231C15906E00E6228F /* Assets.xcassets */,
				651DC7771C2764AC0022B9AB /* Travel-Warning-min.png */,
				6507A1251C15906E00E6228F /* LaunchScreen.storyboard */,
				6507A1281C15906E00E6228F /* Info.plist */,
			);
			path = TeethReminder;
			sourceTree = "<group>";
		};
		6507A1301C15906F00E6228F /* TeethReminderTests */ = {
			isa = PBXGroup;
			children = (
				6507A1311C15906F00E6228F /* TeethReminderTests.swift */,
				6507A1331C15906F00E6228F /* Info.plist */,
			);
			path = TeethReminderTests;
			sourceTree = "<group>";
		};
		6507A13B1C15906F00E6228F /* TeethReminderUITests */ = {
			isa = PBXGroup;
			children = (
				6507A13C1C15906F00E6228F /* TeethReminderUITests.swift */,
				6507A13E1C15906F00E6228F /* Info.plist */,
			);
			path = TeethReminderUITests;
			sourceTree = "<group>";
		};
		6509E79D1D48D4FE00CD9459 /* Frameworks */ = {
			isa = PBXGroup;
			children = (
				651283211D48B852007240EA /* AVFoundation.framework */,
				6509E79A1D48BDE000CD9459 /* AVKit.framework */,
				F1A2DAA67AD53A5425C715B6 /* Pods_TeethReminder.framework */,
				6E8BB735DE34CF4FBED3711F /* Pods_TeethReminderTests.framework */,
				1B8914F23C5C5BA2DABCE2EE /* Pods_TeethReminderUITests.framework */,
			);
			name = Frameworks;
			sourceTree = "<group>";
		};
		6509E79E1D48D50C00CD9459 /* Ondemand */ = {
			isa = PBXGroup;
			children = (
				6509E79C1D48D4EB00CD9459 /* teeth.mp4 */,
			);
			name = Ondemand;
			sourceTree = "<group>";
		};
		653507991CE32C0000FD6EBF /* ViewControllers */ = {
			isa = PBXGroup;
			children = (
				653A2DF91C8F240300D5DB45 /* HelpViewController.swift */,
				652824B91C1631D50017A7FF /* RemindersTableViewController.swift */,
				652824C51C1881270017A7FF /* SetTimeViewController.swift */,
				6535079F1CE3323900FD6EBF /* TimerViewController.swift */,
				6509E7981D48BC3400CD9459 /* VideoViewController.swift */,
			);
			name = ViewControllers;
			sourceTree = "<group>";
		};
		6535079A1CE32C1C00FD6EBF /* ViewCells */ = {
			isa = PBXGroup;
			children = (
				652824C11C163D100017A7FF /* ReminderViewCell.swift */,
				658665721CD386A600172395 /* WarningViewCell.swift */,
			);
			name = ViewCells;
			sourceTree = "<group>";
		};
		6535079B1CE32C6000FD6EBF /* Services */ = {
			isa = PBXGroup;
			children = (
				652824BD1C1636D20017A7FF /* Reminder.swift */,
				655BCA1E1D49438F00FB657A /* OndemandResources.swift */,
			);
			name = Services;
			sourceTree = "<group>";
		};
		6535079C1CE32C7300FD6EBF /* Util */ = {
			isa = PBXGroup;
			children = (
				653A2DFD1C8F48D700D5DB45 /* UIDevice.swift */,
				651272C41DC39D4300A598A3 /* Constants.swift */,
			);
			name = Util;
			sourceTree = "<group>";
		};
		653FC9D41CDC073500446397 /* Views */ = {
			isa = PBXGroup;
			children = (
				653FC9D51CDC074900446397 /* OkButtonView.swift */,
				6535079D1CE32C9700FD6EBF /* TimerView.swift */,
			);
			name = Views;
			sourceTree = "<group>";
		};
		658665741CD386C300172395 /* Styles */ = {
			isa = PBXGroup;
			children = (
				658665751CD386F500172395 /* Styles.swift */,
			);
			name = Styles;
			sourceTree = "<group>";
		};
		F91A7755EC360D27F3A4F96B /* Pods */ = {
			isa = PBXGroup;
			children = (
				1CC1475A307A97CFFF2CC8CE /* Pods-TeethReminder.debug.xcconfig */,
				11D9217F7B15D020D5191E37 /* Pods-TeethReminder.release.xcconfig */,
				83485D4F3905A112ED0D0833 /* Pods-TeethReminderTests.debug.xcconfig */,
				67B1F0724135CC95D3AAF214 /* Pods-TeethReminderTests.release.xcconfig */,
				DB880FF3FF596D09B08A5CB4 /* Pods-TeethReminderUITests.debug.xcconfig */,
				7B9906EC643E08CED3C7BBBC /* Pods-TeethReminderUITests.release.xcconfig */,
			);
			name = Pods;
			sourceTree = "<group>";
		};
/* End PBXGroup section */

/* Begin PBXNativeTarget section */
		6507A1181C15906E00E6228F /* TeethReminder */ = {
			isa = PBXNativeTarget;
			buildConfigurationList = 6507A1411C15906F00E6228F /* Build configuration list for PBXNativeTarget "TeethReminder" */;
			buildPhases = (
				98F41D8C0801E10ED90D1DCB /* [CP] Check Pods Manifest.lock */,
				6507A1151C15906E00E6228F /* Sources */,
				6507A1161C15906E00E6228F /* Frameworks */,
				6507A1171C15906E00E6228F /* Resources */,
				796CAC0506E69289DEE613BE /* [CP] Embed Pods Frameworks */,
				8EEA1615B3A31342C0D25BD5 /* [CP] Copy Pods Resources */,
			);
			buildRules = (
			);
			dependencies = (
			);
			name = TeethReminder;
			productName = TeethReminder;
			productReference = 6507A1191C15906E00E6228F /* TeethReminder.app */;
			productType = "com.apple.product-type.application";
		};
		6507A12C1C15906F00E6228F /* TeethReminderTests */ = {
			isa = PBXNativeTarget;
			buildConfigurationList = 6507A1441C15906F00E6228F /* Build configuration list for PBXNativeTarget "TeethReminderTests" */;
			buildPhases = (
				7281CE18F86AC013E242F436 /* [CP] Check Pods Manifest.lock */,
				6507A1291C15906F00E6228F /* Sources */,
				6507A12A1C15906F00E6228F /* Frameworks */,
				6507A12B1C15906F00E6228F /* Resources */,
				ABCCE4A0CC58786B7A233CFF /* [CP] Embed Pods Frameworks */,
				FB5A51C3302F07182D4D8E40 /* [CP] Copy Pods Resources */,
			);
			buildRules = (
			);
			dependencies = (
				6507A12F1C15906F00E6228F /* PBXTargetDependency */,
			);
			name = TeethReminderTests;
			productName = TeethReminderTests;
			productReference = 6507A12D1C15906F00E6228F /* TeethReminderTests.xctest */;
			productType = "com.apple.product-type.bundle.unit-test";
		};
		6507A1371C15906F00E6228F /* TeethReminderUITests */ = {
			isa = PBXNativeTarget;
			buildConfigurationList = 6507A1471C15906F00E6228F /* Build configuration list for PBXNativeTarget "TeethReminderUITests" */;
			buildPhases = (
				B6BBCA503EDDAB2DF70B7268 /* [CP] Check Pods Manifest.lock */,
				6507A1341C15906F00E6228F /* Sources */,
				6507A1351C15906F00E6228F /* Frameworks */,
				6507A1361C15906F00E6228F /* Resources */,
				B854B5D1F7BE6A459275EFF5 /* [CP] Embed Pods Frameworks */,
				FE5C0C9EBCFE32CC4A5D1D53 /* [CP] Copy Pods Resources */,
			);
			buildRules = (
			);
			dependencies = (
				6507A13A1C15906F00E6228F /* PBXTargetDependency */,
			);
			name = TeethReminderUITests;
			productName = TeethReminderUITests;
			productReference = 6507A1381C15906F00E6228F /* TeethReminderUITests.xctest */;
			productType = "com.apple.product-type.bundle.ui-testing";
		};
/* End PBXNativeTarget section */

/* Begin PBXProject section */
		6507A1111C15906E00E6228F /* Project object */ = {
			isa = PBXProject;
			attributes = {
				KnownAssetTags = (
					teethvideo,
				);
				LastSwiftUpdateCheck = 0710;
				LastUpgradeCheck = 0820;
				ORGANIZATIONNAME = TA;
				TargetAttributes = {
					6507A1181C15906E00E6228F = {
						CreatedOnToolsVersion = 7.1;
						DevelopmentTeam = W4LB2R7L9L;
						LastSwiftMigration = 0800;
					};
					6507A12C1C15906F00E6228F = {
						CreatedOnToolsVersion = 7.1;
						LastSwiftMigration = 0800;
						TestTargetID = 6507A1181C15906E00E6228F;
					};
					6507A1371C15906F00E6228F = {
						CreatedOnToolsVersion = 7.1;
						LastSwiftMigration = 0800;
						TestTargetID = 6507A1181C15906E00E6228F;
					};
				};
			};
			buildConfigurationList = 6507A1141C15906E00E6228F /* Build configuration list for PBXProject "TeethReminder" */;
			compatibilityVersion = "Xcode 3.2";
			developmentRegion = English;
			hasScannedForEncodings = 0;
			knownRegions = (
				en,
				Base,
			);
			mainGroup = 6507A1101C15906E00E6228F;
			productRefGroup = 6507A11A1C15906E00E6228F /* Products */;
			projectDirPath = "";
			projectRoot = "";
			targets = (
				6507A1181C15906E00E6228F /* TeethReminder */,
				6507A12C1C15906F00E6228F /* TeethReminderTests */,
				6507A1371C15906F00E6228F /* TeethReminderUITests */,
			);
		};
/* End PBXProject section */

/* Begin PBXResourcesBuildPhase section */
		6507A1171C15906E00E6228F /* Resources */ = {
			isa = PBXResourcesBuildPhase;
			buildActionMask = 2147483647;
			files = (
				6509E79F1D48D65600CD9459 /* teeth.mp4 in Resources */,
				6507A1271C15906E00E6228F /* LaunchScreen.storyboard in Resources */,
				6571E6341E58A5B100388298 /* GoogleService-Info.plist in Resources */,
				6507A1241C15906E00E6228F /* Assets.xcassets in Resources */,
				6507A1221C15906E00E6228F /* Main.storyboard in Resources */,
				651DC7781C2764AC0022B9AB /* Travel-Warning-min.png in Resources */,
			);
			runOnlyForDeploymentPostprocessing = 0;
		};
		6507A12B1C15906F00E6228F /* Resources */ = {
			isa = PBXResourcesBuildPhase;
			buildActionMask = 2147483647;
			files = (
				6571E6351E58A5B100388298 /* GoogleService-Info.plist in Resources */,
			);
			runOnlyForDeploymentPostprocessing = 0;
		};
		6507A1361C15906F00E6228F /* Resources */ = {
			isa = PBXResourcesBuildPhase;
			buildActionMask = 2147483647;
			files = (
				6571E6361E58A5B100388298 /* GoogleService-Info.plist in Resources */,
			);
			runOnlyForDeploymentPostprocessing = 0;
		};
/* End PBXResourcesBuildPhase section */

/* Begin PBXShellScriptBuildPhase section */
		7281CE18F86AC013E242F436 /* [CP] Check Pods Manifest.lock */ = {
			isa = PBXShellScriptBuildPhase;
			buildActionMask = 2147483647;
			files = (
			);
			inputPaths = (
			);
			name = "[CP] Check Pods Manifest.lock";
			outputPaths = (
			);
			runOnlyForDeploymentPostprocessing = 0;
			shellPath = /bin/sh;
			shellScript = "diff \"${PODS_ROOT}/../Podfile.lock\" \"${PODS_ROOT}/Manifest.lock\" > /dev/null\nif [ $? != 0 ] ; then\n    # print error to STDERR\n    echo \"error: The sandbox is not in sync with the Podfile.lock. Run 'pod install' or update your CocoaPods installation.\" >&2\n    exit 1\nfi\n";
			showEnvVarsInLog = 0;
		};
		796CAC0506E69289DEE613BE /* [CP] Embed Pods Frameworks */ = {
			isa = PBXShellScriptBuildPhase;
			buildActionMask = 2147483647;
			files = (
			);
			inputPaths = (
			);
			name = "[CP] Embed Pods Frameworks";
			outputPaths = (
			);
			runOnlyForDeploymentPostprocessing = 0;
			shellPath = /bin/sh;
			shellScript = "\"${SRCROOT}/Pods/Target Support Files/Pods-TeethReminder/Pods-TeethReminder-frameworks.sh\"\n";
			showEnvVarsInLog = 0;
		};
		8EEA1615B3A31342C0D25BD5 /* [CP] Copy Pods Resources */ = {
			isa = PBXShellScriptBuildPhase;
			buildActionMask = 2147483647;
			files = (
			);
			inputPaths = (
			);
			name = "[CP] Copy Pods Resources";
			outputPaths = (
			);
			runOnlyForDeploymentPostprocessing = 0;
			shellPath = /bin/sh;
			shellScript = "\"${SRCROOT}/Pods/Target Support Files/Pods-TeethReminder/Pods-TeethReminder-resources.sh\"\n";
			showEnvVarsInLog = 0;
		};
		98F41D8C0801E10ED90D1DCB /* [CP] Check Pods Manifest.lock */ = {
			isa = PBXShellScriptBuildPhase;
			buildActionMask = 2147483647;
			files = (
			);
			inputPaths = (
			);
			name = "[CP] Check Pods Manifest.lock";
			outputPaths = (
			);
			runOnlyForDeploymentPostprocessing = 0;
			shellPath = /bin/sh;
			shellScript = "diff \"${PODS_ROOT}/../Podfile.lock\" \"${PODS_ROOT}/Manifest.lock\" > /dev/null\nif [ $? != 0 ] ; then\n    # print error to STDERR\n    echo \"error: The sandbox is not in sync with the Podfile.lock. Run 'pod install' or update your CocoaPods installation.\" >&2\n    exit 1\nfi\n";
			showEnvVarsInLog = 0;
		};
		ABCCE4A0CC58786B7A233CFF /* [CP] Embed Pods Frameworks */ = {
			isa = PBXShellScriptBuildPhase;
			buildActionMask = 2147483647;
			files = (
			);
			inputPaths = (
			);
			name = "[CP] Embed Pods Frameworks";
			outputPaths = (
			);
			runOnlyForDeploymentPostprocessing = 0;
			shellPath = /bin/sh;
			shellScript = "\"${SRCROOT}/Pods/Target Support Files/Pods-TeethReminderTests/Pods-TeethReminderTests-frameworks.sh\"\n";
			showEnvVarsInLog = 0;
		};
		B6BBCA503EDDAB2DF70B7268 /* [CP] Check Pods Manifest.lock */ = {
			isa = PBXShellScriptBuildPhase;
			buildActionMask = 2147483647;
			files = (
			);
			inputPaths = (
			);
			name = "[CP] Check Pods Manifest.lock";
			outputPaths = (
			);
			runOnlyForDeploymentPostprocessing = 0;
			shellPath = /bin/sh;
			shellScript = "diff \"${PODS_ROOT}/../Podfile.lock\" \"${PODS_ROOT}/Manifest.lock\" > /dev/null\nif [ $? != 0 ] ; then\n    # print error to STDERR\n    echo \"error: The sandbox is not in sync with the Podfile.lock. Run 'pod install' or update your CocoaPods installation.\" >&2\n    exit 1\nfi\n";
			showEnvVarsInLog = 0;
		};
		B854B5D1F7BE6A459275EFF5 /* [CP] Embed Pods Frameworks */ = {
			isa = PBXShellScriptBuildPhase;
			buildActionMask = 2147483647;
			files = (
			);
			inputPaths = (
			);
			name = "[CP] Embed Pods Frameworks";
			outputPaths = (
			);
			runOnlyForDeploymentPostprocessing = 0;
			shellPath = /bin/sh;
			shellScript = "\"${SRCROOT}/Pods/Target Support Files/Pods-TeethReminderUITests/Pods-TeethReminderUITests-frameworks.sh\"\n";
			showEnvVarsInLog = 0;
		};
		FB5A51C3302F07182D4D8E40 /* [CP] Copy Pods Resources */ = {
			isa = PBXShellScriptBuildPhase;
			buildActionMask = 2147483647;
			files = (
			);
			inputPaths = (
			);
			name = "[CP] Copy Pods Resources";
			outputPaths = (
			);
			runOnlyForDeploymentPostprocessing = 0;
			shellPath = /bin/sh;
			shellScript = "\"${SRCROOT}/Pods/Target Support Files/Pods-TeethReminderTests/Pods-TeethReminderTests-resources.sh\"\n";
			showEnvVarsInLog = 0;
		};
		FE5C0C9EBCFE32CC4A5D1D53 /* [CP] Copy Pods Resources */ = {
			isa = PBXShellScriptBuildPhase;
			buildActionMask = 2147483647;
			files = (
			);
			inputPaths = (
			);
			name = "[CP] Copy Pods Resources";
			outputPaths = (
			);
			runOnlyForDeploymentPostprocessing = 0;
			shellPath = /bin/sh;
			shellScript = "\"${SRCROOT}/Pods/Target Support Files/Pods-TeethReminderUITests/Pods-TeethReminderUITests-resources.sh\"\n";
			showEnvVarsInLog = 0;
		};
/* End PBXShellScriptBuildPhase section */

/* Begin PBXSourcesBuildPhase section */
		6507A1151C15906E00E6228F /* Sources */ = {
			isa = PBXSourcesBuildPhase;
			buildActionMask = 2147483647;
			files = (
				653FC9D61CDC074900446397 /* OkButtonView.swift in Sources */,
				658665761CD386F500172395 /* Styles.swift in Sources */,
				652824C61C1881270017A7FF /* SetTimeViewController.swift in Sources */,
				658665731CD386A600172395 /* WarningViewCell.swift in Sources */,
				653507A01CE3323900FD6EBF /* TimerViewController.swift in Sources */,
				651272C51DC39D4400A598A3 /* Constants.swift in Sources */,
				655BCA1F1D49438F00FB657A /* OndemandResources.swift in Sources */,
				6509E7991D48BC3400CD9459 /* VideoViewController.swift in Sources */,
				653A2DFA1C8F240300D5DB45 /* HelpViewController.swift in Sources */,
				652824BE1C1636D20017A7FF /* Reminder.swift in Sources */,
				6535079E1CE32C9700FD6EBF /* TimerView.swift in Sources */,
				652824C21C163D100017A7FF /* ReminderViewCell.swift in Sources */,
				6507A11D1C15906E00E6228F /* AppDelegate.swift in Sources */,
				652824BA1C1631D50017A7FF /* RemindersTableViewController.swift in Sources */,
				653A2DFE1C8F48D700D5DB45 /* UIDevice.swift in Sources */,
			);
			runOnlyForDeploymentPostprocessing = 0;
		};
		6507A1291C15906F00E6228F /* Sources */ = {
			isa = PBXSourcesBuildPhase;
			buildActionMask = 2147483647;
			files = (
				651272C61DC3A59C00A598A3 /* Constants.swift in Sources */,
				653FC9D71CDC11B500446397 /* OkButtonView.swift in Sources */,
				652824C71C1881270017A7FF /* SetTimeViewController.swift in Sources */,
				653A2DFB1C8F240300D5DB45 /* HelpViewController.swift in Sources */,
				652824BF1C1636D20017A7FF /* Reminder.swift in Sources */,
				659B9FF51CD38F1500E482C1 /* Styles.swift in Sources */,
				659B9FF71CD38F1B00E482C1 /* WarningViewCell.swift in Sources */,
				653507E91CE6096500FD6EBF /* TimerView.swift in Sources */,
				652824C31C163D100017A7FF /* ReminderViewCell.swift in Sources */,
				6507A1321C15906F00E6228F /* TeethReminderTests.swift in Sources */,
				652824BB1C1631D50017A7FF /* RemindersTableViewController.swift in Sources */,
				653507A11CE3323A00FD6EBF /* TimerViewController.swift in Sources */,
				653A2DFF1C8F48D700D5DB45 /* UIDevice.swift in Sources */,
			);
			runOnlyForDeploymentPostprocessing = 0;
		};
		6507A1341C15906F00E6228F /* Sources */ = {
			isa = PBXSourcesBuildPhase;
			buildActionMask = 2147483647;
			files = (
				651272C71DC3A5A400A598A3 /* Constants.swift in Sources */,
				653FC9D81CDC11B600446397 /* OkButtonView.swift in Sources */,
				652824C81C1881270017A7FF /* SetTimeViewController.swift in Sources */,
				653A2DFC1C8F240300D5DB45 /* HelpViewController.swift in Sources */,
				652824C01C1636D20017A7FF /* Reminder.swift in Sources */,
				659B9FF61CD38F1500E482C1 /* Styles.swift in Sources */,
				659B9FF81CD38F1B00E482C1 /* WarningViewCell.swift in Sources */,
				653507EA1CE6096500FD6EBF /* TimerView.swift in Sources */,
				652824C41C163D100017A7FF /* ReminderViewCell.swift in Sources */,
				6507A13D1C15906F00E6228F /* TeethReminderUITests.swift in Sources */,
				652824BC1C1631D50017A7FF /* RemindersTableViewController.swift in Sources */,
				653507A21CE3323A00FD6EBF /* TimerViewController.swift in Sources */,
				653A2E001C8F48D700D5DB45 /* UIDevice.swift in Sources */,
			);
			runOnlyForDeploymentPostprocessing = 0;
		};
/* End PBXSourcesBuildPhase section */

/* Begin PBXTargetDependency section */
		6507A12F1C15906F00E6228F /* PBXTargetDependency */ = {
			isa = PBXTargetDependency;
			target = 6507A1181C15906E00E6228F /* TeethReminder */;
			targetProxy = 6507A12E1C15906F00E6228F /* PBXContainerItemProxy */;
		};
		6507A13A1C15906F00E6228F /* PBXTargetDependency */ = {
			isa = PBXTargetDependency;
			target = 6507A1181C15906E00E6228F /* TeethReminder */;
			targetProxy = 6507A1391C15906F00E6228F /* PBXContainerItemProxy */;
		};
/* End PBXTargetDependency section */

/* Begin PBXVariantGroup section */
		6507A1201C15906E00E6228F /* Main.storyboard */ = {
			isa = PBXVariantGroup;
			children = (
				6507A1211C15906E00E6228F /* Base */,
			);
			name = Main.storyboard;
			sourceTree = "<group>";
		};
		6507A1251C15906E00E6228F /* LaunchScreen.storyboard */ = {
			isa = PBXVariantGroup;
			children = (
				6507A1261C15906E00E6228F /* Base */,
			);
			name = LaunchScreen.storyboard;
			sourceTree = "<group>";
		};
/* End PBXVariantGroup section */

/* Begin XCBuildConfiguration section */
		6507A13F1C15906F00E6228F /* Debug */ = {
			isa = XCBuildConfiguration;
			buildSettings = {
				ALWAYS_SEARCH_USER_PATHS = NO;
				CLANG_CXX_LANGUAGE_STANDARD = "gnu++0x";
				CLANG_CXX_LIBRARY = "libc++";
				CLANG_ENABLE_MODULES = YES;
				CLANG_ENABLE_OBJC_ARC = YES;
				CLANG_WARN_BOOL_CONVERSION = YES;
				CLANG_WARN_CONSTANT_CONVERSION = YES;
				CLANG_WARN_DIRECT_OBJC_ISA_USAGE = YES_ERROR;
				CLANG_WARN_EMPTY_BODY = YES;
				CLANG_WARN_ENUM_CONVERSION = YES;
				CLANG_WARN_INFINITE_RECURSION = YES;
				CLANG_WARN_INT_CONVERSION = YES;
				CLANG_WARN_OBJC_ROOT_CLASS = YES_ERROR;
				CLANG_WARN_SUSPICIOUS_MOVE = YES;
				CLANG_WARN_UNREACHABLE_CODE = YES;
				CLANG_WARN__DUPLICATE_METHOD_MATCH = YES;
				"CODE_SIGN_IDENTITY[sdk=iphoneos*]" = "iPhone Developer";
				COPY_PHASE_STRIP = NO;
				DEBUG_INFORMATION_FORMAT = dwarf;
				ENABLE_STRICT_OBJC_MSGSEND = YES;
				ENABLE_TESTABILITY = YES;
				GCC_C_LANGUAGE_STANDARD = gnu99;
				GCC_DYNAMIC_NO_PIC = NO;
				GCC_NO_COMMON_BLOCKS = YES;
				GCC_OPTIMIZATION_LEVEL = 0;
				GCC_PREPROCESSOR_DEFINITIONS = (
					"DEBUG=1",
					"$(inherited)",
				);
				GCC_WARN_64_TO_32_BIT_CONVERSION = YES;
				GCC_WARN_ABOUT_RETURN_TYPE = YES_ERROR;
				GCC_WARN_UNDECLARED_SELECTOR = YES;
				GCC_WARN_UNINITIALIZED_AUTOS = YES_AGGRESSIVE;
				GCC_WARN_UNUSED_FUNCTION = YES;
				GCC_WARN_UNUSED_VARIABLE = YES;
				IPHONEOS_DEPLOYMENT_TARGET = 9.1;
				MTL_ENABLE_DEBUG_INFO = YES;
				ONLY_ACTIVE_ARCH = YES;
				SDKROOT = iphoneos;
				SWIFT_OPTIMIZATION_LEVEL = "-Onone";
			};
			name = Debug;
		};
		6507A1401C15906F00E6228F /* Release */ = {
			isa = XCBuildConfiguration;
			buildSettings = {
				ALWAYS_SEARCH_USER_PATHS = NO;
				CLANG_CXX_LANGUAGE_STANDARD = "gnu++0x";
				CLANG_CXX_LIBRARY = "libc++";
				CLANG_ENABLE_MODULES = YES;
				CLANG_ENABLE_OBJC_ARC = YES;
				CLANG_WARN_BOOL_CONVERSION = YES;
				CLANG_WARN_CONSTANT_CONVERSION = YES;
				CLANG_WARN_DIRECT_OBJC_ISA_USAGE = YES_ERROR;
				CLANG_WARN_EMPTY_BODY = YES;
				CLANG_WARN_ENUM_CONVERSION = YES;
				CLANG_WARN_INFINITE_RECURSION = YES;
				CLANG_WARN_INT_CONVERSION = YES;
				CLANG_WARN_OBJC_ROOT_CLASS = YES_ERROR;
				CLANG_WARN_SUSPICIOUS_MOVE = YES;
				CLANG_WARN_UNREACHABLE_CODE = YES;
				CLANG_WARN__DUPLICATE_METHOD_MATCH = YES;
				"CODE_SIGN_IDENTITY[sdk=iphoneos*]" = "iPhone Developer";
				COPY_PHASE_STRIP = NO;
				DEBUG_INFORMATION_FORMAT = "dwarf-with-dsym";
				ENABLE_NS_ASSERTIONS = NO;
				ENABLE_STRICT_OBJC_MSGSEND = YES;
				GCC_C_LANGUAGE_STANDARD = gnu99;
				GCC_NO_COMMON_BLOCKS = YES;
				GCC_WARN_64_TO_32_BIT_CONVERSION = YES;
				GCC_WARN_ABOUT_RETURN_TYPE = YES_ERROR;
				GCC_WARN_UNDECLARED_SELECTOR = YES;
				GCC_WARN_UNINITIALIZED_AUTOS = YES_AGGRESSIVE;
				GCC_WARN_UNUSED_FUNCTION = YES;
				GCC_WARN_UNUSED_VARIABLE = YES;
				IPHONEOS_DEPLOYMENT_TARGET = 9.1;
				MTL_ENABLE_DEBUG_INFO = NO;
				SDKROOT = iphoneos;
				SWIFT_OPTIMIZATION_LEVEL = "-Owholemodule";
				VALIDATE_PRODUCT = YES;
			};
			name = Release;
		};
		6507A1421C15906F00E6228F /* Debug */ = {
			isa = XCBuildConfiguration;
			baseConfigurationReference = 1CC1475A307A97CFFF2CC8CE /* Pods-TeethReminder.debug.xcconfig */;
			buildSettings = {
				ASSETCATALOG_COMPILER_APPICON_NAME = AppIcon;
				CODE_SIGN_IDENTITY = "iPhone Developer";
				"CODE_SIGN_IDENTITY[sdk=iphoneos*]" = "iPhone Developer";
				DEVELOPMENT_TEAM = W4LB2R7L9L;
				INFOPLIST_FILE = TeethReminder/Info.plist;
				IPHONEOS_DEPLOYMENT_TARGET = 9.0;
				LD_RUNPATH_SEARCH_PATHS = "$(inherited) @executable_path/Frameworks";
				PRODUCT_BUNDLE_IDENTIFIER = ch.TeethReminder;
				PRODUCT_NAME = "$(TARGET_NAME)";
				PROVISIONING_PROFILE = "";
				SWIFT_VERSION = 3.0;
			};
			name = Debug;
		};
		6507A1431C15906F00E6228F /* Release */ = {
			isa = XCBuildConfiguration;
			baseConfigurationReference = 11D9217F7B15D020D5191E37 /* Pods-TeethReminder.release.xcconfig */;
			buildSettings = {
				ASSETCATALOG_COMPILER_APPICON_NAME = AppIcon;
				CODE_SIGN_IDENTITY = "iPhone Developer";
				"CODE_SIGN_IDENTITY[sdk=iphoneos*]" = "iPhone Developer";
				DEVELOPMENT_TEAM = W4LB2R7L9L;
				INFOPLIST_FILE = TeethReminder/Info.plist;
				IPHONEOS_DEPLOYMENT_TARGET = 9.0;
				LD_RUNPATH_SEARCH_PATHS = "$(inherited) @executable_path/Frameworks";
				PRODUCT_BUNDLE_IDENTIFIER = ch.TeethReminder;
				PRODUCT_NAME = "$(TARGET_NAME)";
				PROVISIONING_PROFILE = "";
				SWIFT_VERSION = 3.0;
			};
			name = Release;
		};
		6507A1451C15906F00E6228F /* Debug */ = {
			isa = XCBuildConfiguration;
			baseConfigurationReference = 83485D4F3905A112ED0D0833 /* Pods-TeethReminderTests.debug.xcconfig */;
			buildSettings = {
				BUNDLE_LOADER = "$(TEST_HOST)";
				INFOPLIST_FILE = TeethReminderTests/Info.plist;
				LD_RUNPATH_SEARCH_PATHS = "$(inherited) @executable_path/Frameworks @loader_path/Frameworks";
				PRODUCT_BUNDLE_IDENTIFIER = Scout24.TeethReminderTests;
				PRODUCT_NAME = "$(TARGET_NAME)";
				SWIFT_VERSION = 3.0;
				TEST_HOST = "$(BUILT_PRODUCTS_DIR)/TeethReminder.app/TeethReminder";
			};
			name = Debug;
		};
		6507A1461C15906F00E6228F /* Release */ = {
			isa = XCBuildConfiguration;
			baseConfigurationReference = 67B1F0724135CC95D3AAF214 /* Pods-TeethReminderTests.release.xcconfig */;
			buildSettings = {
				BUNDLE_LOADER = "$(TEST_HOST)";
				INFOPLIST_FILE = TeethReminderTests/Info.plist;
				LD_RUNPATH_SEARCH_PATHS = "$(inherited) @executable_path/Frameworks @loader_path/Frameworks";
				PRODUCT_BUNDLE_IDENTIFIER = Scout24.TeethReminderTests;
				PRODUCT_NAME = "$(TARGET_NAME)";
				SWIFT_VERSION = 3.0;
				TEST_HOST = "$(BUILT_PRODUCTS_DIR)/TeethReminder.app/TeethReminder";
			};
			name = Release;
		};
		6507A1481C15906F00E6228F /* Debug */ = {
			isa = XCBuildConfiguration;
			baseConfigurationReference = DB880FF3FF596D09B08A5CB4 /* Pods-TeethReminderUITests.debug.xcconfig */;
			buildSettings = {
				INFOPLIST_FILE = TeethReminderUITests/Info.plist;
				LD_RUNPATH_SEARCH_PATHS = "$(inherited) @executable_path/Frameworks @loader_path/Frameworks";
				PRODUCT_BUNDLE_IDENTIFIER = Scout24.TeethReminderUITests;
				PRODUCT_NAME = "$(TARGET_NAME)";
				SWIFT_VERSION = 3.0;
				TEST_TARGET_NAME = TeethReminder;
				USES_XCTRUNNER = YES;
			};
			name = Debug;
		};
		6507A1491C15906F00E6228F /* Release */ = {
			isa = XCBuildConfiguration;
			baseConfigurationReference = 7B9906EC643E08CED3C7BBBC /* Pods-TeethReminderUITests.release.xcconfig */;
			buildSettings = {
				INFOPLIST_FILE = TeethReminderUITests/Info.plist;
				LD_RUNPATH_SEARCH_PATHS = "$(inherited) @executable_path/Frameworks @loader_path/Frameworks";
				PRODUCT_BUNDLE_IDENTIFIER = Scout24.TeethReminderUITests;
				PRODUCT_NAME = "$(TARGET_NAME)";
				SWIFT_VERSION = 3.0;
				TEST_TARGET_NAME = TeethReminder;
				USES_XCTRUNNER = YES;
			};
			name = Release;
		};
/* End XCBuildConfiguration section */

/* Begin XCConfigurationList section */
		6507A1141C15906E00E6228F /* Build configuration list for PBXProject "TeethReminder" */ = {
			isa = XCConfigurationList;
			buildConfigurations = (
				6507A13F1C15906F00E6228F /* Debug */,
				6507A1401C15906F00E6228F /* Release */,
			);
			defaultConfigurationIsVisible = 0;
			defaultConfigurationName = Release;
		};
		6507A1411C15906F00E6228F /* Build configuration list for PBXNativeTarget "TeethReminder" */ = {
			isa = XCConfigurationList;
			buildConfigurations = (
				6507A1421C15906F00E6228F /* Debug */,
				6507A1431C15906F00E6228F /* Release */,
			);
			defaultConfigurationIsVisible = 0;
			defaultConfigurationName = Release;
		};
		6507A1441C15906F00E6228F /* Build configuration list for PBXNativeTarget "TeethReminderTests" */ = {
			isa = XCConfigurationList;
			buildConfigurations = (
				6507A1451C15906F00E6228F /* Debug */,
				6507A1461C15906F00E6228F /* Release */,
			);
			defaultConfigurationIsVisible = 0;
			defaultConfigurationName = Release;
		};
		6507A1471C15906F00E6228F /* Build configuration list for PBXNativeTarget "TeethReminderUITests" */ = {
			isa = XCConfigurationList;
			buildConfigurations = (
				6507A1481C15906F00E6228F /* Debug */,
				6507A1491C15906F00E6228F /* Release */,
			);
			defaultConfigurationIsVisible = 0;
			defaultConfigurationName = Release;
		};
/* End XCConfigurationList section */
	};
	rootObject = 6507A1111C15906E00E6228F /* Project object */;
}
